
Microsoft Visual Studio Solution File, Format Version 12.00
# Visual Studio Version 16
VisualStudioVersion = 16.0.30104.148
MinimumVisualStudioVersion = 10.0.40219.1
Project("{FAE04EC0-301F-11D3-BF4B-00C04F79EFBC}") = "ConsoleAppFTPTest", "ConsoleAppFTPTest\ConsoleAppFTPTest.csproj", "{05EB57C0-C9B9-4E86-B86B-9A4C335FED37}"
EndProject
Project("{FAE04EC0-301F-11D3-BF4B-00C04F79EFBC}") = "ConsoleAppSFTPTest", "ConsoleAppSFTPTest\ConsoleAppSFTPTest.csproj", "{B86E5103-9062-4AC8-96D5-76DC60D149DE}"
EndProject
Project("{FAE04EC0-301F-11D3-BF4B-00C04F79EFBC}") = "ConsoleAppFtpClientTest", "ConsoleAppFtpClientTest\ConsoleAppFtpClientTest.csproj", "{AF4946D0-A710-4D8E-9B3D-F038EE8F8D1A}"
EndProject
Global
	GlobalSection(SolutionConfigurationPlatforms) = preSolution
		Debug|Any CPU = Debug|Any CPU
		Release|Any CPU = Release|Any CPU
	EndGlobalSection
	GlobalSection(ProjectConfigurationPlatforms) = postSolution
		{05EB57C0-C9B9-4E86-B86B-9A4C335FED37}.Debug|Any CPU.ActiveCfg = Debug|Any CPU
		{05EB57C0-C9B9-4E86-B86B-9A4C335FED37}.Debug|Any CPU.Build.0 = Debug|Any CPU
		{05EB57C0-C9B9-4E86-B86B-9A4C335FED37}.Release|Any CPU.ActiveCfg = Release|Any CPU
		{05EB57C0-C9B9-4E86-B86B-9A4C335FED37}.Release|Any CPU.Build.0 = Release|Any CPU
		{B86E5103-9062-4AC8-96D5-76DC60D149DE}.Debug|Any CPU.ActiveCfg = Debug|Any CPU
		{B86E5103-9062-4AC8-96D5-76DC60D149DE}.Debug|Any CPU.Build.0 = Debug|Any CPU
		{B86E5103-9062-4AC8-96D5-76DC60D149DE}.Release|Any CPU.ActiveCfg = Release|Any CPU
		{B86E5103-9062-4AC8-96D5-76DC60D149DE}.Release|Any CPU.Build.0 = Release|Any CPU
		{AF4946D0-A710-4D8E-9B3D-F038EE8F8D1A}.Debug|Any CPU.ActiveCfg = Debug|Any CPU
		{AF4946D0-A710-4D8E-9B3D-F038EE8F8D1A}.Debug|Any CPU.Build.0 = Debug|Any CPU
		{AF4946D0-A710-4D8E-9B3D-F038EE8F8D1A}.Release|Any CPU.ActiveCfg = Release|Any CPU
		{AF4946D0-A710-4D8E-9B3D-F038EE8F8D1A}.Release|Any CPU.Build.0 = Release|Any CPU
	EndGlobalSection
	GlobalSection(SolutionProperties) = preSolution
		HideSolutionNode = FALSE
	EndGlobalSection
	GlobalSection(ExtensibilityGlobals) = postSolution
		SolutionGuid = {ACCE30A0-0C6F-4797-93FB-57A92F5A2D8C}
	EndGlobalSection
EndGlobal
